
Microsoft Visual Studio Solution File, Format Version 12.00
# Visual Studio Version 17
VisualStudioVersion = 17.11.35312.102
MinimumVisualStudioVersion = 10.0.40219.1
Project("{F2A71F9B-5D33-465A-A702-920D77279786}") = "Lab3", "Lab3\Lab3.fsproj", "{17777E7F-988A-4BBD-A610-A295F4B09623}"
EndProject
Global
	GlobalSection(SolutionConfigurationPlatforms) = preSolution
		Debug|Any CPU = Debug|Any CPU
		Release|Any CPU = Release|Any CPU
	EndGlobalSection
	GlobalSection(ProjectConfigurationPlatforms) = postSolution
		{17777E7F-988A-4BBD-A610-A295F4B09623}.Debug|Any CPU.ActiveCfg = Debug|Any CPU
		{17777E7F-988A-4BBD-A610-A295F4B09623}.Debug|Any CPU.Build.0 = Debug|Any CPU
		{17777E7F-988A-4BBD-A610-A295F4B09623}.Release|Any CPU.ActiveCfg = Release|Any CPU
		{17777E7F-988A-4BBD-A610-A295F4B09623}.Release|Any CPU.Build.0 = Release|Any CPU
	EndGlobalSection
	GlobalSection(SolutionProperties) = preSolution
		HideSolutionNode = FALSE
	EndGlobalSection
	GlobalSection(ExtensibilityGlobals) = postSolution
		SolutionGuid = {52A4E701-3BB3-44CE-8A18-093BF43992B4}
	EndGlobalSection
EndGlobal
